
Microsoft Visual Studio Solution File, Format Version 12.00
# Visual Studio 15
Project("{FAE04EC0-301F-11D3-BF4B-00C04F79EFBC}") = "Unity.Timeline", "Unity.Timeline.csproj", "{93B98F3B-265C-D7B9-1203-9E39525965C3}"
EndProject
Project("{FAE04EC0-301F-11D3-BF4B-00C04F79EFBC}") = "Unity.InputSystem", "Unity.InputSystem.csproj", "{EE7411B2-37F9-A500-F1DA-DDA182E78779}"
EndProject
Project("{FAE04EC0-301F-11D3-BF4B-00C04F79EFBC}") = "Unity.ShaderGraph.Editor", "Unity.ShaderGraph.Editor.csproj", "{23B09284-F99E-E941-C3B2-DA14AC8570E2}"
EndProject
Project("{FAE04EC0-301F-11D3-BF4B-00C04F79EFBC}") = "Unity.XR.Management", "Unity.XR.Management.csproj", "{79C018E3-86F8-E334-1501-F9FA3E25A647}"
EndProject
Project("{FAE04EC0-301F-11D3-BF4B-00C04F79EFBC}") = "Unity.VisualScripting.Flow", "Unity.VisualScripting.Flow.csproj", "{D6BA4B25-103F-D91E-D669-925511F836EF}"
EndProject
Project("{FAE04EC0-301F-11D3-BF4B-00C04F79EFBC}") = "Unity.XR.Interaction.Toolkit", "Unity.XR.Interaction.Toolkit.csproj", "{6B0C9D65-C603-42E1-0F0E-98761D30C690}"
EndProject
Project("{FAE04EC0-301F-11D3-BF4B-00C04F79EFBC}") = "Unity.RenderPipelines.Universal.Runtime", "Unity.RenderPipelines.Universal.Runtime.csproj", "{2176028A-C236-A6A9-987F-64734FB2E76A}"
EndProject
Project("{FAE04EC0-301F-11D3-BF4B-00C04F79EFBC}") = "Unity.ProBuilder", "Unity.ProBuilder.csproj", "{B4E728FD-B1EA-84F7-CD5D-45BCC637567F}"
EndProject
Project("{FAE04EC0-301F-11D3-BF4B-00C04F79EFBC}") = "Unity.XR.Interaction.Toolkit.Editor", "Unity.XR.Interaction.Toolkit.Editor.csproj", "{5C43922B-9AF4-3953-0A77-3002AA3C8F09}"
EndProject
Project("{FAE04EC0-301F-11D3-BF4B-00C04F79EFBC}") = "UnityEditor.UI", "UnityEditor.UI.csproj", "{87BEA431-67F5-764E-6007-9098AF63DA47}"
EndProject
Project("{FAE04EC0-301F-11D3-BF4B-00C04F79EFBC}") = "Unity.Timeline.Editor", "Unity.Timeline.Editor.csproj", "{C7B7EF97-D05F-A75E-1F32-1DE2D5A1402E}"
EndProject
Project("{FAE04EC0-301F-11D3-BF4B-00C04F79EFBC}") = "Unity.PlasticSCM.Editor", "Unity.PlasticSCM.Editor.csproj", "{F527B650-504F-53C8-FB75-615B12500F2D}"
EndProject
Project("{FAE04EC0-301F-11D3-BF4B-00C04F79EFBC}") = "Unity.RenderPipelines.Core.Runtime", "Unity.RenderPipelines.Core.Runtime.csproj", "{F4ABD065-D332-CC79-53F7-767A735563B5}"
EndProject
Project("{FAE04EC0-301F-11D3-BF4B-00C04F79EFBC}") = "Unity.XR.CoreUtils.Editor", "Unity.XR.CoreUtils.Editor.csproj", "{7FFDD3DB-7F62-E3F1-FF75-7DE65AD73298}"
EndProject
Project("{FAE04EC0-301F-11D3-BF4B-00C04F79EFBC}") = "Unity.Mathematics", "Unity.Mathematics.csproj", "{AE0BE7BC-10DC-D23C-0D00-A2B5F618EE07}"
EndProject
Project("{FAE04EC0-301F-11D3-BF4B-00C04F79EFBC}") = "Unity.RenderPipelines.Core.Editor", "Unity.RenderPipelines.Core.Editor.csproj", "{69316AD1-B6B5-FF09-97C3-7D0072ABF39B}"
EndProject
Project("{FAE04EC0-301F-11D3-BF4B-00C04F79EFBC}") = "Unity.VisualScripting.Core.Editor", "Unity.VisualScripting.Core.Editor.csproj", "{386CFB49-C294-A847-AEA0-CBC9DEA83875}"
EndProject
Project("{FAE04EC0-301F-11D3-BF4B-00C04F79EFBC}") = "UnityEditor.TestRunner", "UnityEditor.TestRunner.csproj", "{5D1E3BA3-3438-DCEF-2D96-8F8B2E9FEA86}"
EndProject
Project("{FAE04EC0-301F-11D3-BF4B-00C04F79EFBC}") = "Unity.ProBuilder.Poly2Tri", "Unity.ProBuilder.Poly2Tri.csproj", "{CFCA270A-517E-C2F1-85F9-08258AD169CE}"
EndProject
Project("{FAE04EC0-301F-11D3-BF4B-00C04F79EFBC}") = "Unity.XR.CoreUtils", "Unity.XR.CoreUtils.csproj", "{D5514278-34D5-3C75-96A9-AE3905E3CAFD}"
EndProject
Project("{FAE04EC0-301F-11D3-BF4B-00C04F79EFBC}") = "Unity.RenderPipelines.Universal.Editor", "Unity.RenderPipelines.Universal.Editor.csproj", "{CE07FE38-34CE-1705-A177-A07ACFB1D2E5}"
EndProject
Project("{FAE04EC0-301F-11D3-BF4B-00C04F79EFBC}") = "Unity.TextMeshPro.Editor", "Unity.TextMeshPro.Editor.csproj", "{C885D4CB-3519-18E8-D3B7-67DC72448E38}"
EndProject
Project("{FAE04EC0-301F-11D3-BF4B-00C04F79EFBC}") = "Unity.VisualScripting.Flow.Editor", "Unity.VisualScripting.Flow.Editor.csproj", "{6E9CD0C0-20AB-CED9-F4ED-0FD613E3C614}"
EndProject
Project("{FAE04EC0-301F-11D3-BF4B-00C04F79EFBC}") = "UnityEngine.TestRunner", "UnityEngine.TestRunner.csproj", "{B45BC477-7713-8954-D905-8AA7B95F5F6E}"
EndProject
Project("{FAE04EC0-301F-11D3-BF4B-00C04F79EFBC}") = "Unity.VisualScripting.Core", "Unity.VisualScripting.Core.csproj", "{946EA4BF-7134-CA93-1AD0-3E017744E134}"
EndProject
Project("{FAE04EC0-301F-11D3-BF4B-00C04F79EFBC}") = "Unity.Searcher.Editor", "Unity.Searcher.Editor.csproj", "{C93DD8CD-33C5-B1B7-D742-4F628FB774BE}"
EndProject
Project("{FAE04EC0-301F-11D3-BF4B-00C04F79EFBC}") = "Unity.Burst", "Unity.Burst.csproj", "{DC51CB11-CE9A-4C95-AD9F-930525F3EA05}"
EndProject
Project("{FAE04EC0-301F-11D3-BF4B-00C04F79EFBC}") = "Unity.ProBuilder.Csg", "Unity.ProBuilder.Csg.csproj", "{12C5948F-892E-BDC0-84FD-CFAAF160DC1D}"
EndProject
Project("{FAE04EC0-301F-11D3-BF4B-00C04F79EFBC}") = "Unity.VisualStudio.Editor", "Unity.VisualStudio.Editor.csproj", "{2927577C-BF05-7080-CA4F-75C9A00E2CCF}"
EndProject
Project("{FAE04EC0-301F-11D3-BF4B-00C04F79EFBC}") = "PPv2URPConverters", "PPv2URPConverters.csproj", "{C912B21C-11BC-2680-EBFF-B9854463758B}"
EndProject
Project("{FAE04EC0-301F-11D3-BF4B-00C04F79EFBC}") = "Unity.XR.OpenXR", "Unity.XR.OpenXR.csproj", "{6933D30D-CA2B-B6C9-E4A3-0C1478936C16}"
EndProject
Project("{FAE04EC0-301F-11D3-BF4B-00C04F79EFBC}") = "Unity.Rider.Editor", "Unity.Rider.Editor.csproj", "{7B68621F-E2EB-54B0-7B16-2EF1427AE279}"
EndProject
Project("{FAE04EC0-301F-11D3-BF4B-00C04F79EFBC}") = "Unity.ProBuilder.Editor", "Unity.ProBuilder.Editor.csproj", "{CAF9FA2A-5596-0EDE-9844-D2DDACF27C48}"
EndProject
Project("{FAE04EC0-301F-11D3-BF4B-00C04F79EFBC}") = "Unity.XR.OpenXR.Editor", "Unity.XR.OpenXR.Editor.csproj", "{BDBBD15A-34F8-0286-3921-CFDB2164D7BE}"
EndProject
Project("{FAE04EC0-301F-11D3-BF4B-00C04F79EFBC}") = "Unity.VisualScripting.State.Editor", "Unity.VisualScripting.State.Editor.csproj", "{FACC4DCD-D3BD-9620-729F-7E98EA3C84F4}"
EndProject
Project("{FAE04EC0-301F-11D3-BF4B-00C04F79EFBC}") = "Unity.ProGrids.Editor", "Unity.ProGrids.Editor.csproj", "{B84726F5-BA00-8EC6-AB4A-B4A8B9D554D1}"
EndProject
Project("{FAE04EC0-301F-11D3-BF4B-00C04F79EFBC}") = "UnityEngine.UI", "UnityEngine.UI.csproj", "{FFE1CDA1-B95D-AF83-8199-028EDEE97D60}"
EndProject
Project("{FAE04EC0-301F-11D3-BF4B-00C04F79EFBC}") = "Unity.Burst.CodeGen", "Unity.Burst.CodeGen.csproj", "{F7CEAD11-9D57-D02D-7661-F37C99BBD60E}"
EndProject
Project("{FAE04EC0-301F-11D3-BF4B-00C04F79EFBC}") = "Unity.RenderPipeline.Universal.ShaderLibrary", "Unity.RenderPipeline.Universal.ShaderLibrary.csproj", "{5F256F6E-94D2-A9AB-F72C-2684673C77D2}"
EndProject
Project("{FAE04EC0-301F-11D3-BF4B-00C04F79EFBC}") = "Unity.VisualScripting.State", "Unity.VisualScripting.State.csproj", "{24FA87C9-5E4C-4724-A22B-534F2F4B638F}"
EndProject
Project("{FAE04EC0-301F-11D3-BF4B-00C04F79EFBC}") = "Unity.TextMeshPro", "Unity.TextMeshPro.csproj", "{B6D00B20-7A0C-5AB9-EEF6-6AF79F5192BF}"
EndProject
Project("{FAE04EC0-301F-11D3-BF4B-00C04F79EFBC}") = "Unity.XR.Management.Editor", "Unity.XR.Management.Editor.csproj", "{8AE072C5-3210-2D67-0F7D-3664CBD3A881}"
EndProject
Project("{FAE04EC0-301F-11D3-BF4B-00C04F79EFBC}") = "Unity.XR.Interaction.Toolkit.Samples.DeviceSimulator", "Unity.XR.Interaction.Toolkit.Samples.DeviceSimulator.csproj", "{74A7BF59-54CE-76B9-B061-B73AFC140304}"
EndProject
Project("{FAE04EC0-301F-11D3-BF4B-00C04F79EFBC}") = "Unity.VisualScripting.SettingsProvider.Editor", "Unity.VisualScripting.SettingsProvider.Editor.csproj", "{71B89BD2-7752-13B9-EF13-3D246F1EFA0B}"
EndProject
Project("{FAE04EC0-301F-11D3-BF4B-00C04F79EFBC}") = "Unity.VSCode.Editor", "Unity.VSCode.Editor.csproj", "{F70F5E80-524A-8E7B-A2DF-175242B5F0C3}"
EndProject
Project("{FAE04EC0-301F-11D3-BF4B-00C04F79EFBC}") = "Unity.Burst.Editor", "Unity.Burst.Editor.csproj", "{7D06F3CF-C208-E15B-7354-FDE93F45824D}"
EndProject
Project("{FAE04EC0-301F-11D3-BF4B-00C04F79EFBC}") = "Unity.ProBuilder.Stl", "Unity.ProBuilder.Stl.csproj", "{7814A663-AA7E-8C2C-9CF8-B29EFA1E74DF}"
EndProject
Project("{FAE04EC0-301F-11D3-BF4B-00C04F79EFBC}") = "Unity.Settings.Editor", "Unity.Settings.Editor.csproj", "{11772488-253C-57C6-966B-28E88FBEB0F1}"
EndProject
Project("{FAE04EC0-301F-11D3-BF4B-00C04F79EFBC}") = "UnityEngine.SpatialTracking", "UnityEngine.SpatialTracking.csproj", "{EE840ABE-800A-7BA4-0614-CF5D5ACD3558}"
EndProject
Project("{FAE04EC0-301F-11D3-BF4B-00C04F79EFBC}") = "Assembly-CSharp", "Assembly-CSharp.csproj", "{79444BC4-5431-98FB-9E4D-B3F96D250B2E}"
EndProject
Project("{FAE04EC0-301F-11D3-BF4B-00C04F79EFBC}") = "Unity.ProBuilder.KdTree", "Unity.ProBuilder.KdTree.csproj", "{966551A9-C29D-EAF1-B840-6F6C58BF0AED}"
EndProject
Project("{FAE04EC0-301F-11D3-BF4B-00C04F79EFBC}") = "Unity.ProBuilder.AddOns.Editor", "Unity.ProBuilder.AddOns.Editor.csproj", "{98823188-0021-3A0F-F781-B10B05AF6137}"
EndProject
Project("{FAE04EC0-301F-11D3-BF4B-00C04F79EFBC}") = "Unity.InputSystem.ForUI", "Unity.InputSystem.ForUI.csproj", "{0385EDDC-3424-6703-7D07-A6C425ECDA54}"
EndProject
Project("{FAE04EC0-301F-11D3-BF4B-00C04F79EFBC}") = "Unity.Mathematics.Editor", "Unity.Mathematics.Editor.csproj", "{1EB28C27-85C5-9DFB-E8F7-C4F99C001E66}"
EndProject
Project("{FAE04EC0-301F-11D3-BF4B-00C04F79EFBC}") = "UnityEditor.SpatialTracking", "UnityEditor.SpatialTracking.csproj", "{EF15674C-EE62-2D12-82F2-DDE6A1A36E0C}"
EndProject
Project("{FAE04EC0-301F-11D3-BF4B-00C04F79EFBC}") = "Assembly-CSharp-Editor", "Assembly-CSharp-Editor.csproj", "{6DA9AB7D-DEBE-379F-A32E-8DCC5D2650BB}"
EndProject
Project("{FAE04EC0-301F-11D3-BF4B-00C04F79EFBC}") = "Unity.XR.Interaction.Toolkit.Samples.StarterAssets.Editor", "Unity.XR.Interaction.Toolkit.Samples.StarterAssets.Editor.csproj", "{DA124083-B3A4-DF0B-8B79-E0B474BD2AFC}"
EndProject
Project("{FAE04EC0-301F-11D3-BF4B-00C04F79EFBC}") = "Unity.ProBuilder.AssetIdRemapUtility", "Unity.ProBuilder.AssetIdRemapUtility.csproj", "{BEB3260E-1437-3451-5437-065354288413}"
EndProject
Project("{FAE04EC0-301F-11D3-BF4B-00C04F79EFBC}") = "Unity.XR.OpenXR.Features.MetaQuestSupport.Editor", "Unity.XR.OpenXR.Features.MetaQuestSupport.Editor.csproj", "{2B79B632-ADE6-A306-F099-7CE71E74ECC5}"
EndProject
Project("{FAE04EC0-301F-11D3-BF4B-00C04F79EFBC}") = "Unity.ProGrids", "Unity.ProGrids.csproj", "{13D7179B-066F-32F6-BAAF-511E2C6929CB}"
EndProject
Project("{FAE04EC0-301F-11D3-BF4B-00C04F79EFBC}") = "Unity.InputSystem.TestFramework", "Unity.InputSystem.TestFramework.csproj", "{7EEFB410-66ED-023A-89D9-4C220B0A194C}"
EndProject
Project("{FAE04EC0-301F-11D3-BF4B-00C04F79EFBC}") = "Unity.XR.OpenXR.Features.RuntimeDebugger.Editor", "Unity.XR.OpenXR.Features.RuntimeDebugger.Editor.csproj", "{3942AA67-B8B0-6841-6669-A35556E11A89}"
EndProject
Project("{FAE04EC0-301F-11D3-BF4B-00C04F79EFBC}") = "UnityEditor.XR.LegacyInputHelpers", "UnityEditor.XR.LegacyInputHelpers.csproj", "{1F8D1A9C-C182-51EB-B465-54436798D467}"
EndProject
Project("{FAE04EC0-301F-11D3-BF4B-00C04F79EFBC}") = "Unity.ShaderGraph.Utilities", "Unity.ShaderGraph.Utilities.csproj", "{C8035BAB-FC6D-89A9-FE02-40E44301E748}"
EndProject
Project("{FAE04EC0-301F-11D3-BF4B-00C04F79EFBC}") = "Unity.VisualScripting.Shared.Editor", "Unity.VisualScripting.Shared.Editor.csproj", "{CC19E74C-B043-E7CE-B342-047CEFED16ED}"
EndProject
Project("{FAE04EC0-301F-11D3-BF4B-00C04F79EFBC}") = "Unity.XR.OpenXR.Features.OculusQuestSupport.Editor", "Unity.XR.OpenXR.Features.OculusQuestSupport.Editor.csproj", "{92444F5C-8C9C-CD24-A9F3-4455E0A5C0A4}"
EndProject
Project("{FAE04EC0-301F-11D3-BF4B-00C04F79EFBC}") = "Unity.XR.OpenXR.Features.ConformanceAutomation", "Unity.XR.OpenXR.Features.ConformanceAutomation.csproj", "{4FEB579F-E338-153A-1462-885AFFA80B8C}"
EndProject
Project("{FAE04EC0-301F-11D3-BF4B-00C04F79EFBC}") = "UnityEngine.XR.LegacyInputHelpers", "UnityEngine.XR.LegacyInputHelpers.csproj", "{0C3CD926-4D8B-D98C-4570-64B66FCF731D}"
EndProject
Project("{FAE04EC0-301F-11D3-BF4B-00C04F79EFBC}") = "Unity.XR.Interaction.Toolkit.Samples.StarterAssets", "Unity.XR.Interaction.Toolkit.Samples.StarterAssets.csproj", "{C796F25A-BE8B-360F-104F-6EAB796CC551}"
EndProject
Project("{FAE04EC0-301F-11D3-BF4B-00C04F79EFBC}") = "Unity.XR.OpenXR.Features.OculusQuestSupport", "Unity.XR.OpenXR.Features.OculusQuestSupport.csproj", "{649E036C-AF17-A687-7C37-2E1FBC07D4CE}"
EndProject
Project("{FAE04EC0-301F-11D3-BF4B-00C04F79EFBC}") = "Unity.XR.OpenXR.Features.MockRuntime", "Unity.XR.OpenXR.Features.MockRuntime.csproj", "{B6A78889-8E55-E43B-39F9-8DD62D49DA49}"
EndProject
Project("{FAE04EC0-301F-11D3-BF4B-00C04F79EFBC}") = "Unity.XR.OpenXR.Features.RuntimeDebugger", "Unity.XR.OpenXR.Features.RuntimeDebugger.csproj", "{62FA74C3-3D96-DD24-6B59-9838459DF590}"
EndProject
Project("{FAE04EC0-301F-11D3-BF4B-00C04F79EFBC}") = "Unity.XR.OpenXR.Features.MetaQuestSupport", "Unity.XR.OpenXR.Features.MetaQuestSupport.csproj", "{7CCDE3AF-2E7D-C1C6-3CCB-A65C01DF4EDF}"
EndProject
Project("{FAE04EC0-301F-11D3-BF4B-00C04F79EFBC}") = "Unity.CollabProxy.Editor", "Unity.CollabProxy.Editor.csproj", "{F84681F6-A363-1299-6B4B-128575825932}"
EndProject
Project("{FAE04EC0-301F-11D3-BF4B-00C04F79EFBC}") = "Unity.RenderPipelines.ShaderGraph.ShaderGraphLibrary", "Unity.RenderPipelines.ShaderGraph.ShaderGraphLibrary.csproj", "{175098D9-633E-DA63-EA8A-DE164D75A429}"
EndProject
Project("{FAE04EC0-301F-11D3-BF4B-00C04F79EFBC}") = "Unity.RenderPipelines.Core.ShaderLibrary", "Unity.RenderPipelines.Core.ShaderLibrary.csproj", "{68CE0C72-1BA9-C828-EBEE-C3E19AD3AA01}"
EndProject
Project("{FAE04EC0-301F-11D3-BF4B-00C04F79EFBC}") = "Unity.RenderPipelines.Universal.Shaders", "Unity.RenderPipelines.Universal.Shaders.csproj", "{CC438AFD-5FB6-48D7-9883-F62D644F1C0E}"
EndProject
Project("{FAE04EC0-301F-11D3-BF4B-00C04F79EFBC}") = "Unity.Timeline", "Unity.Timeline.Player.csproj", "{AB264E9A-BCAB-B531-B29E-2EF8D2AF5ACE}"
EndProject
Project("{FAE04EC0-301F-11D3-BF4B-00C04F79EFBC}") = "Unity.InputSystem", "Unity.InputSystem.Player.csproj", "{5061E814-6460-58CB-D6A3-72B0BDCB341F}"
EndProject
Project("{FAE04EC0-301F-11D3-BF4B-00C04F79EFBC}") = "Unity.XR.Management", "Unity.XR.Management.Player.csproj", "{22EA1B5F-5FBB-1FDE-01E9-A361F70E6AE0}"
EndProject
Project("{FAE04EC0-301F-11D3-BF4B-00C04F79EFBC}") = "Unity.VisualScripting.Flow", "Unity.VisualScripting.Flow.Player.csproj", "{1BA4860A-4402-A797-0CEE-AA2F34604F9D}"
EndProject
Project("{FAE04EC0-301F-11D3-BF4B-00C04F79EFBC}") = "Unity.XR.Interaction.Toolkit", "Unity.XR.Interaction.Toolkit.Player.csproj", "{AB0CE204-77A4-0412-C674-D4CEBF38A4B6}"
EndProject
Project("{FAE04EC0-301F-11D3-BF4B-00C04F79EFBC}") = "Unity.RenderPipelines.Universal.Runtime", "Unity.RenderPipelines.Universal.Runtime.Player.csproj", "{EDB6DD69-7E88-95AC-0AC7-F660C6C14A88}"
EndProject
Project("{FAE04EC0-301F-11D3-BF4B-00C04F79EFBC}") = "Unity.ProBuilder", "Unity.ProBuilder.Player.csproj", "{4094A3B7-AF44-7053-F64A-B04A0DDA2FFE}"
EndProject
Project("{FAE04EC0-301F-11D3-BF4B-00C04F79EFBC}") = "Unity.RenderPipelines.Core.Runtime", "Unity.RenderPipelines.Core.Runtime.Player.csproj", "{FC147476-BAA1-CBD1-4EEC-0B38AD0FCA9C}"
EndProject
Project("{FAE04EC0-301F-11D3-BF4B-00C04F79EFBC}") = "Unity.Mathematics", "Unity.Mathematics.Player.csproj", "{E67F3689-F800-8752-055F-12E78A5C6050}"
EndProject
Project("{FAE04EC0-301F-11D3-BF4B-00C04F79EFBC}") = "Unity.ProBuilder.Poly2Tri", "Unity.ProBuilder.Poly2Tri.Player.csproj", "{DD02AAF0-7570-3755-5357-1ED69FB76192}"
EndProject
Project("{FAE04EC0-301F-11D3-BF4B-00C04F79EFBC}") = "Unity.XR.CoreUtils", "Unity.XR.CoreUtils.Player.csproj", "{6D490362-BD1C-6575-FC95-901E1E9EAAA3}"
EndProject
Project("{FAE04EC0-301F-11D3-BF4B-00C04F79EFBC}") = "UnityEngine.TestRunner", "UnityEngine.TestRunner.Player.csproj", "{C1071588-CC79-9385-E190-5F7AADCDCA5B}"
EndProject
Project("{FAE04EC0-301F-11D3-BF4B-00C04F79EFBC}") = "Unity.VisualScripting.Core", "Unity.VisualScripting.Core.Player.csproj", "{A957E289-C679-CA1F-131C-700BDDE6AD4B}"
EndProject
Project("{FAE04EC0-301F-11D3-BF4B-00C04F79EFBC}") = "Unity.Burst", "Unity.Burst.Player.csproj", "{79EFFCD2-ED1C-DEF5-AD18-A595F12D8F07}"
EndProject
Project("{FAE04EC0-301F-11D3-BF4B-00C04F79EFBC}") = "Unity.ProBuilder.Csg", "Unity.ProBuilder.Csg.Player.csproj", "{0FC5341A-7152-CEA8-659A-32CCECA2E5D7}"
EndProject
Project("{FAE04EC0-301F-11D3-BF4B-00C04F79EFBC}") = "Unity.XR.OpenXR", "Unity.XR.OpenXR.Player.csproj", "{8DE0131A-109E-2F8A-E574-5DB7FC0E97CC}"
EndProject
Project("{FAE04EC0-301F-11D3-BF4B-00C04F79EFBC}") = "UnityEngine.UI", "UnityEngine.UI.Player.csproj", "{39D3AEE3-CA43-1F21-3601-F7B1DB8A3970}"
EndProject
Project("{FAE04EC0-301F-11D3-BF4B-00C04F79EFBC}") = "Unity.RenderPipeline.Universal.ShaderLibrary", "Unity.RenderPipeline.Universal.ShaderLibrary.Player.csproj", "{CC7A6686-2216-E7A0-EBBF-ACE964E1C426}"
EndProject
Project("{FAE04EC0-301F-11D3-BF4B-00C04F79EFBC}") = "Unity.VisualScripting.State", "Unity.VisualScripting.State.Player.csproj", "{CC25D693-D57F-475A-D714-8209F9637D94}"
EndProject
Project("{FAE04EC0-301F-11D3-BF4B-00C04F79EFBC}") = "Unity.TextMeshPro", "Unity.TextMeshPro.Player.csproj", "{A35B243D-9BC6-5BEC-4797-5EFB29762A63}"
EndProject
Project("{FAE04EC0-301F-11D3-BF4B-00C04F79EFBC}") = "Unity.XR.Interaction.Toolkit.Samples.DeviceSimulator", "Unity.XR.Interaction.Toolkit.Samples.DeviceSimulator.Player.csproj", "{5DA24599-E0D6-5629-737B-6A881951CC2C}"
EndProject
Project("{FAE04EC0-301F-11D3-BF4B-00C04F79EFBC}") = "Unity.ProBuilder.Stl", "Unity.ProBuilder.Stl.Player.csproj", "{0BCA6361-AC26-B592-EF13-AE550D495525}"
EndProject
Project("{FAE04EC0-301F-11D3-BF4B-00C04F79EFBC}") = "UnityEngine.SpatialTracking", "UnityEngine.SpatialTracking.Player.csproj", "{7196FF5B-1EA8-7740-E65F-951D6CA8BF56}"
EndProject
Project("{FAE04EC0-301F-11D3-BF4B-00C04F79EFBC}") = "Assembly-CSharp", "Assembly-CSharp.Player.csproj", "{ABDE4A57-CA2E-91C1-FC69-1B48FCC97B72}"
EndProject
Project("{FAE04EC0-301F-11D3-BF4B-00C04F79EFBC}") = "Unity.ProBuilder.KdTree", "Unity.ProBuilder.KdTree.Player.csproj", "{9760770D-3953-7B50-6D5B-63127AA109CD}"
EndProject
Project("{FAE04EC0-301F-11D3-BF4B-00C04F79EFBC}") = "Unity.InputSystem.ForUI", "Unity.InputSystem.ForUI.Player.csproj", "{22F8511F-9DEC-E962-BAA6-C753439D6F75}"
EndProject
Project("{FAE04EC0-301F-11D3-BF4B-00C04F79EFBC}") = "Unity.ProGrids", "Unity.ProGrids.Player.csproj", "{62DACF46-B9D3-3B74-98A7-A937F22A0808}"
EndProject
Project("{FAE04EC0-301F-11D3-BF4B-00C04F79EFBC}") = "Unity.InputSystem.TestFramework", "Unity.InputSystem.TestFramework.Player.csproj", "{F4D3736D-58FD-CCBF-97AF-1CA09DCA3D2F}"
EndProject
Project("{FAE04EC0-301F-11D3-BF4B-00C04F79EFBC}") = "Unity.XR.OpenXR.Features.ConformanceAutomation", "Unity.XR.OpenXR.Features.ConformanceAutomation.Player.csproj", "{CDF419D8-A832-8335-1A37-7B377067D3D7}"
EndProject
Project("{FAE04EC0-301F-11D3-BF4B-00C04F79EFBC}") = "UnityEngine.XR.LegacyInputHelpers", "UnityEngine.XR.LegacyInputHelpers.Player.csproj", "{A9313EB3-195B-C5E5-781F-134B9A8981B9}"
EndProject
Project("{FAE04EC0-301F-11D3-BF4B-00C04F79EFBC}") = "Unity.XR.Interaction.Toolkit.Samples.StarterAssets", "Unity.XR.Interaction.Toolkit.Samples.StarterAssets.Player.csproj", "{3A564D31-53C7-7182-B1DA-BD2FD9C30C19}"
EndProject
Project("{FAE04EC0-301F-11D3-BF4B-00C04F79EFBC}") = "Unity.XR.OpenXR.Features.OculusQuestSupport", "Unity.XR.OpenXR.Features.OculusQuestSupport.Player.csproj", "{45920581-1922-FFCC-D85E-D2D4FDD2A19C}"
EndProject
Project("{FAE04EC0-301F-11D3-BF4B-00C04F79EFBC}") = "Unity.XR.OpenXR.Features.MockRuntime", "Unity.XR.OpenXR.Features.MockRuntime.Player.csproj", "{242091BF-D531-9FF3-F88E-CD395FAF650C}"
EndProject
Project("{FAE04EC0-301F-11D3-BF4B-00C04F79EFBC}") = "Unity.XR.OpenXR.Features.RuntimeDebugger", "Unity.XR.OpenXR.Features.RuntimeDebugger.Player.csproj", "{B834E4EB-B373-38D8-1823-5EF144BEB413}"
EndProject
Project("{FAE04EC0-301F-11D3-BF4B-00C04F79EFBC}") = "Unity.XR.OpenXR.Features.MetaQuestSupport", "Unity.XR.OpenXR.Features.MetaQuestSupport.Player.csproj", "{8E6C0364-6659-DB72-E47C-3DF701496E2B}"
EndProject
Project("{FAE04EC0-301F-11D3-BF4B-00C04F79EFBC}") = "Unity.RenderPipelines.ShaderGraph.ShaderGraphLibrary", "Unity.RenderPipelines.ShaderGraph.ShaderGraphLibrary.Player.csproj", "{56AA414E-B14B-C915-33C0-548C9356B5A7}"
EndProject
Project("{FAE04EC0-301F-11D3-BF4B-00C04F79EFBC}") = "Unity.RenderPipelines.Core.ShaderLibrary", "Unity.RenderPipelines.Core.ShaderLibrary.Player.csproj", "{A1C3BBC9-B717-5CF2-B31A-A15A3272D3DD}"
EndProject
Project("{FAE04EC0-301F-11D3-BF4B-00C04F79EFBC}") = "Unity.RenderPipelines.Universal.Shaders", "Unity.RenderPipelines.Universal.Shaders.Player.csproj", "{DC546169-95D2-774A-D25C-34D919AEE5BA}"
EndProject
Global
	GlobalSection(SolutionConfigurationPlatforms) = preSolution
		Debug|Any CPU = Debug|Any CPU
		Release|Any CPU = Release|Any CPU
	EndGlobalSection
	GlobalSection(ProjectConfigurationPlatforms) = postSolution
		{93B98F3B-265C-D7B9-1203-9E39525965C3}.Debug|Any CPU.ActiveCfg = Debug|Any CPU
		{93B98F3B-265C-D7B9-1203-9E39525965C3}.Debug|Any CPU.Build.0 = Debug|Any CPU
		{93B98F3B-265C-D7B9-1203-9E39525965C3}.Release|Any CPU.ActiveCfg = Release|Any CPU
		{93B98F3B-265C-D7B9-1203-9E39525965C3}.Release|Any CPU.Build.0 = Release|Any CPU
		{EE7411B2-37F9-A500-F1DA-DDA182E78779}.Debug|Any CPU.ActiveCfg = Debug|Any CPU
		{EE7411B2-37F9-A500-F1DA-DDA182E78779}.Debug|Any CPU.Build.0 = Debug|Any CPU
		{EE7411B2-37F9-A500-F1DA-DDA182E78779}.Release|Any CPU.ActiveCfg = Release|Any CPU
		{EE7411B2-37F9-A500-F1DA-DDA182E78779}.Release|Any CPU.Build.0 = Release|Any CPU
		{23B09284-F99E-E941-C3B2-DA14AC8570E2}.Debug|Any CPU.ActiveCfg = Debug|Any CPU
		{23B09284-F99E-E941-C3B2-DA14AC8570E2}.Debug|Any CPU.Build.0 = Debug|Any CPU
		{23B09284-F99E-E941-C3B2-DA14AC8570E2}.Release|Any CPU.ActiveCfg = Release|Any CPU
		{23B09284-F99E-E941-C3B2-DA14AC8570E2}.Release|Any CPU.Build.0 = Release|Any CPU
		{79C018E3-86F8-E334-1501-F9FA3E25A647}.Debug|Any CPU.ActiveCfg = Debug|Any CPU
		{79C018E3-86F8-E334-1501-F9FA3E25A647}.Debug|Any CPU.Build.0 = Debug|Any CPU
		{79C018E3-86F8-E334-1501-F9FA3E25A647}.Release|Any CPU.ActiveCfg = Release|Any CPU
		{79C018E3-86F8-E334-1501-F9FA3E25A647}.Release|Any CPU.Build.0 = Release|Any CPU
		{D6BA4B25-103F-D91E-D669-925511F836EF}.Debug|Any CPU.ActiveCfg = Debug|Any CPU
		{D6BA4B25-103F-D91E-D669-925511F836EF}.Debug|Any CPU.Build.0 = Debug|Any CPU
		{D6BA4B25-103F-D91E-D669-925511F836EF}.Release|Any CPU.ActiveCfg = Release|Any CPU
		{D6BA4B25-103F-D91E-D669-925511F836EF}.Release|Any CPU.Build.0 = Release|Any CPU
		{6B0C9D65-C603-42E1-0F0E-98761D30C690}.Debug|Any CPU.ActiveCfg = Debug|Any CPU
		{6B0C9D65-C603-42E1-0F0E-98761D30C690}.Debug|Any CPU.Build.0 = Debug|Any CPU
		{6B0C9D65-C603-42E1-0F0E-98761D30C690}.Release|Any CPU.ActiveCfg = Release|Any CPU
		{6B0C9D65-C603-42E1-0F0E-98761D30C690}.Release|Any CPU.Build.0 = Release|Any CPU
		{2176028A-C236-A6A9-987F-64734FB2E76A}.Debug|Any CPU.ActiveCfg = Debug|Any CPU
		{2176028A-C236-A6A9-987F-64734FB2E76A}.Debug|Any CPU.Build.0 = Debug|Any CPU
		{2176028A-C236-A6A9-987F-64734FB2E76A}.Release|Any CPU.ActiveCfg = Release|Any CPU
		{2176028A-C236-A6A9-987F-64734FB2E76A}.Release|Any CPU.Build.0 = Release|Any CPU
		{B4E728FD-B1EA-84F7-CD5D-45BCC637567F}.Debug|Any CPU.ActiveCfg = Debug|Any CPU
		{B4E728FD-B1EA-84F7-CD5D-45BCC637567F}.Debug|Any CPU.Build.0 = Debug|Any CPU
		{B4E728FD-B1EA-84F7-CD5D-45BCC637567F}.Release|Any CPU.ActiveCfg = Release|Any CPU
		{B4E728FD-B1EA-84F7-CD5D-45BCC637567F}.Release|Any CPU.Build.0 = Release|Any CPU
		{5C43922B-9AF4-3953-0A77-3002AA3C8F09}.Debug|Any CPU.ActiveCfg = Debug|Any CPU
		{5C43922B-9AF4-3953-0A77-3002AA3C8F09}.Debug|Any CPU.Build.0 = Debug|Any CPU
		{5C43922B-9AF4-3953-0A77-3002AA3C8F09}.Release|Any CPU.ActiveCfg = Release|Any CPU
		{5C43922B-9AF4-3953-0A77-3002AA3C8F09}.Release|Any CPU.Build.0 = Release|Any CPU
		{87BEA431-67F5-764E-6007-9098AF63DA47}.Debug|Any CPU.ActiveCfg = Debug|Any CPU
		{87BEA431-67F5-764E-6007-9098AF63DA47}.Debug|Any CPU.Build.0 = Debug|Any CPU
		{87BEA431-67F5-764E-6007-9098AF63DA47}.Release|Any CPU.ActiveCfg = Release|Any CPU
		{87BEA431-67F5-764E-6007-9098AF63DA47}.Release|Any CPU.Build.0 = Release|Any CPU
		{C7B7EF97-D05F-A75E-1F32-1DE2D5A1402E}.Debug|Any CPU.ActiveCfg = Debug|Any CPU
		{C7B7EF97-D05F-A75E-1F32-1DE2D5A1402E}.Debug|Any CPU.Build.0 = Debug|Any CPU
		{C7B7EF97-D05F-A75E-1F32-1DE2D5A1402E}.Release|Any CPU.ActiveCfg = Release|Any CPU
		{C7B7EF97-D05F-A75E-1F32-1DE2D5A1402E}.Release|Any CPU.Build.0 = Release|Any CPU
		{F527B650-504F-53C8-FB75-615B12500F2D}.Debug|Any CPU.ActiveCfg = Debug|Any CPU
		{F527B650-504F-53C8-FB75-615B12500F2D}.Debug|Any CPU.Build.0 = Debug|Any CPU
		{F527B650-504F-53C8-FB75-615B12500F2D}.Release|Any CPU.ActiveCfg = Release|Any CPU
		{F527B650-504F-53C8-FB75-615B12500F2D}.Release|Any CPU.Build.0 = Release|Any CPU
		{F4ABD065-D332-CC79-53F7-767A735563B5}.Debug|Any CPU.ActiveCfg = Debug|Any CPU
		{F4ABD065-D332-CC79-53F7-767A735563B5}.Debug|Any CPU.Build.0 = Debug|Any CPU
		{F4ABD065-D332-CC79-53F7-767A735563B5}.Release|Any CPU.ActiveCfg = Release|Any CPU
		{F4ABD065-D332-CC79-53F7-767A735563B5}.Release|Any CPU.Build.0 = Release|Any CPU
		{7FFDD3DB-7F62-E3F1-FF75-7DE65AD73298}.Debug|Any CPU.ActiveCfg = Debug|Any CPU
		{7FFDD3DB-7F62-E3F1-FF75-7DE65AD73298}.Debug|Any CPU.Build.0 = Debug|Any CPU
		{7FFDD3DB-7F62-E3F1-FF75-7DE65AD73298}.Release|Any CPU.ActiveCfg = Release|Any CPU
		{7FFDD3DB-7F62-E3F1-FF75-7DE65AD73298}.Release|Any CPU.Build.0 = Release|Any CPU
		{AE0BE7BC-10DC-D23C-0D00-A2B5F618EE07}.Debug|Any CPU.ActiveCfg = Debug|Any CPU
		{AE0BE7BC-10DC-D23C-0D00-A2B5F618EE07}.Debug|Any CPU.Build.0 = Debug|Any CPU
		{AE0BE7BC-10DC-D23C-0D00-A2B5F618EE07}.Release|Any CPU.ActiveCfg = Release|Any CPU
		{AE0BE7BC-10DC-D23C-0D00-A2B5F618EE07}.Release|Any CPU.Build.0 = Release|Any CPU
		{69316AD1-B6B5-FF09-97C3-7D0072ABF39B}.Debug|Any CPU.ActiveCfg = Debug|Any CPU
		{69316AD1-B6B5-FF09-97C3-7D0072ABF39B}.Debug|Any CPU.Build.0 = Debug|Any CPU
		{69316AD1-B6B5-FF09-97C3-7D0072ABF39B}.Release|Any CPU.ActiveCfg = Release|Any CPU
		{69316AD1-B6B5-FF09-97C3-7D0072ABF39B}.Release|Any CPU.Build.0 = Release|Any CPU
		{386CFB49-C294-A847-AEA0-CBC9DEA83875}.Debug|Any CPU.ActiveCfg = Debug|Any CPU
		{386CFB49-C294-A847-AEA0-CBC9DEA83875}.Debug|Any CPU.Build.0 = Debug|Any CPU
		{386CFB49-C294-A847-AEA0-CBC9DEA83875}.Release|Any CPU.ActiveCfg = Release|Any CPU
		{386CFB49-C294-A847-AEA0-CBC9DEA83875}.Release|Any CPU.Build.0 = Release|Any CPU
		{5D1E3BA3-3438-DCEF-2D96-8F8B2E9FEA86}.Debug|Any CPU.ActiveCfg = Debug|Any CPU
		{5D1E3BA3-3438-DCEF-2D96-8F8B2E9FEA86}.Debug|Any CPU.Build.0 = Debug|Any CPU
		{5D1E3BA3-3438-DCEF-2D96-8F8B2E9FEA86}.Release|Any CPU.ActiveCfg = Release|Any CPU
		{5D1E3BA3-3438-DCEF-2D96-8F8B2E9FEA86}.Release|Any CPU.Build.0 = Release|Any CPU
		{CFCA270A-517E-C2F1-85F9-08258AD169CE}.Debug|Any CPU.ActiveCfg = Debug|Any CPU
		{CFCA270A-517E-C2F1-85F9-08258AD169CE}.Debug|Any CPU.Build.0 = Debug|Any CPU
		{CFCA270A-517E-C2F1-85F9-08258AD169CE}.Release|Any CPU.ActiveCfg = Release|Any CPU
		{CFCA270A-517E-C2F1-85F9-08258AD169CE}.Release|Any CPU.Build.0 = Release|Any CPU
		{D5514278-34D5-3C75-96A9-AE3905E3CAFD}.Debug|Any CPU.ActiveCfg = Debug|Any CPU
		{D5514278-34D5-3C75-96A9-AE3905E3CAFD}.Debug|Any CPU.Build.0 = Debug|Any CPU
		{D5514278-34D5-3C75-96A9-AE3905E3CAFD}.Release|Any CPU.ActiveCfg = Release|Any CPU
		{D5514278-34D5-3C75-96A9-AE3905E3CAFD}.Release|Any CPU.Build.0 = Release|Any CPU
		{CE07FE38-34CE-1705-A177-A07ACFB1D2E5}.Debug|Any CPU.ActiveCfg = Debug|Any CPU
		{CE07FE38-34CE-1705-A177-A07ACFB1D2E5}.Debug|Any CPU.Build.0 = Debug|Any CPU
		{CE07FE38-34CE-1705-A177-A07ACFB1D2E5}.Release|Any CPU.ActiveCfg = Release|Any CPU
		{CE07FE38-34CE-1705-A177-A07ACFB1D2E5}.Release|Any CPU.Build.0 = Release|Any CPU
		{C885D4CB-3519-18E8-D3B7-67DC72448E38}.Debug|Any CPU.ActiveCfg = Debug|Any CPU
		{C885D4CB-3519-18E8-D3B7-67DC72448E38}.Debug|Any CPU.Build.0 = Debug|Any CPU
		{C885D4CB-3519-18E8-D3B7-67DC72448E38}.Release|Any CPU.ActiveCfg = Release|Any CPU
		{C885D4CB-3519-18E8-D3B7-67DC72448E38}.Release|Any CPU.Build.0 = Release|Any CPU
		{6E9CD0C0-20AB-CED9-F4ED-0FD613E3C614}.Debug|Any CPU.ActiveCfg = Debug|Any CPU
		{6E9CD0C0-20AB-CED9-F4ED-0FD613E3C614}.Debug|Any CPU.Build.0 = Debug|Any CPU
		{6E9CD0C0-20AB-CED9-F4ED-0FD613E3C614}.Release|Any CPU.ActiveCfg = Release|Any CPU
		{6E9CD0C0-20AB-CED9-F4ED-0FD613E3C614}.Release|Any CPU.Build.0 = Release|Any CPU
		{B45BC477-7713-8954-D905-8AA7B95F5F6E}.Debug|Any CPU.ActiveCfg = Debug|Any CPU
		{B45BC477-7713-8954-D905-8AA7B95F5F6E}.Debug|Any CPU.Build.0 = Debug|Any CPU
		{B45BC477-7713-8954-D905-8AA7B95F5F6E}.Release|Any CPU.ActiveCfg = Release|Any CPU
		{B45BC477-7713-8954-D905-8AA7B95F5F6E}.Release|Any CPU.Build.0 = Release|Any CPU
		{946EA4BF-7134-CA93-1AD0-3E017744E134}.Debug|Any CPU.ActiveCfg = Debug|Any CPU
		{946EA4BF-7134-CA93-1AD0-3E017744E134}.Debug|Any CPU.Build.0 = Debug|Any CPU
		{946EA4BF-7134-CA93-1AD0-3E017744E134}.Release|Any CPU.ActiveCfg = Release|Any CPU
		{946EA4BF-7134-CA93-1AD0-3E017744E134}.Release|Any CPU.Build.0 = Release|Any CPU
		{C93DD8CD-33C5-B1B7-D742-4F628FB774BE}.Debug|Any CPU.ActiveCfg = Debug|Any CPU
		{C93DD8CD-33C5-B1B7-D742-4F628FB774BE}.Debug|Any CPU.Build.0 = Debug|Any CPU
		{C93DD8CD-33C5-B1B7-D742-4F628FB774BE}.Release|Any CPU.ActiveCfg = Release|Any CPU
		{C93DD8CD-33C5-B1B7-D742-4F628FB774BE}.Release|Any CPU.Build.0 = Release|Any CPU
		{DC51CB11-CE9A-4C95-AD9F-930525F3EA05}.Debug|Any CPU.ActiveCfg = Debug|Any CPU
		{DC51CB11-CE9A-4C95-AD9F-930525F3EA05}.Debug|Any CPU.Build.0 = Debug|Any CPU
		{DC51CB11-CE9A-4C95-AD9F-930525F3EA05}.Release|Any CPU.ActiveCfg = Release|Any CPU
		{DC51CB11-CE9A-4C95-AD9F-930525F3EA05}.Release|Any CPU.Build.0 = Release|Any CPU
		{12C5948F-892E-BDC0-84FD-CFAAF160DC1D}.Debug|Any CPU.ActiveCfg = Debug|Any CPU
		{12C5948F-892E-BDC0-84FD-CFAAF160DC1D}.Debug|Any CPU.Build.0 = Debug|Any CPU
		{12C5948F-892E-BDC0-84FD-CFAAF160DC1D}.Release|Any CPU.ActiveCfg = Release|Any CPU
		{12C5948F-892E-BDC0-84FD-CFAAF160DC1D}.Release|Any CPU.Build.0 = Release|Any CPU
		{2927577C-BF05-7080-CA4F-75C9A00E2CCF}.Debug|Any CPU.ActiveCfg = Debug|Any CPU
		{2927577C-BF05-7080-CA4F-75C9A00E2CCF}.Debug|Any CPU.Build.0 = Debug|Any CPU
		{2927577C-BF05-7080-CA4F-75C9A00E2CCF}.Release|Any CPU.ActiveCfg = Release|Any CPU
		{2927577C-BF05-7080-CA4F-75C9A00E2CCF}.Release|Any CPU.Build.0 = Release|Any CPU
		{C912B21C-11BC-2680-EBFF-B9854463758B}.Debug|Any CPU.ActiveCfg = Debug|Any CPU
		{C912B21C-11BC-2680-EBFF-B9854463758B}.Debug|Any CPU.Build.0 = Debug|Any CPU
		{C912B21C-11BC-2680-EBFF-B9854463758B}.Release|Any CPU.ActiveCfg = Release|Any CPU
		{C912B21C-11BC-2680-EBFF-B9854463758B}.Release|Any CPU.Build.0 = Release|Any CPU
		{6933D30D-CA2B-B6C9-E4A3-0C1478936C16}.Debug|Any CPU.ActiveCfg = Debug|Any CPU
		{6933D30D-CA2B-B6C9-E4A3-0C1478936C16}.Debug|Any CPU.Build.0 = Debug|Any CPU
		{6933D30D-CA2B-B6C9-E4A3-0C1478936C16}.Release|Any CPU.ActiveCfg = Release|Any CPU
		{6933D30D-CA2B-B6C9-E4A3-0C1478936C16}.Release|Any CPU.Build.0 = Release|Any CPU
		{7B68621F-E2EB-54B0-7B16-2EF1427AE279}.Debug|Any CPU.ActiveCfg = Debug|Any CPU
		{7B68621F-E2EB-54B0-7B16-2EF1427AE279}.Debug|Any CPU.Build.0 = Debug|Any CPU
		{7B68621F-E2EB-54B0-7B16-2EF1427AE279}.Release|Any CPU.ActiveCfg = Release|Any CPU
		{7B68621F-E2EB-54B0-7B16-2EF1427AE279}.Release|Any CPU.Build.0 = Release|Any CPU
		{CAF9FA2A-5596-0EDE-9844-D2DDACF27C48}.Debug|Any CPU.ActiveCfg = Debug|Any CPU
		{CAF9FA2A-5596-0EDE-9844-D2DDACF27C48}.Debug|Any CPU.Build.0 = Debug|Any CPU
		{CAF9FA2A-5596-0EDE-9844-D2DDACF27C48}.Release|Any CPU.ActiveCfg = Release|Any CPU
		{CAF9FA2A-5596-0EDE-9844-D2DDACF27C48}.Release|Any CPU.Build.0 = Release|Any CPU
		{BDBBD15A-34F8-0286-3921-CFDB2164D7BE}.Debug|Any CPU.ActiveCfg = Debug|Any CPU
		{BDBBD15A-34F8-0286-3921-CFDB2164D7BE}.Debug|Any CPU.Build.0 = Debug|Any CPU
		{BDBBD15A-34F8-0286-3921-CFDB2164D7BE}.Release|Any CPU.ActiveCfg = Release|Any CPU
		{BDBBD15A-34F8-0286-3921-CFDB2164D7BE}.Release|Any CPU.Build.0 = Release|Any CPU
		{FACC4DCD-D3BD-9620-729F-7E98EA3C84F4}.Debug|Any CPU.ActiveCfg = Debug|Any CPU
		{FACC4DCD-D3BD-9620-729F-7E98EA3C84F4}.Debug|Any CPU.Build.0 = Debug|Any CPU
		{FACC4DCD-D3BD-9620-729F-7E98EA3C84F4}.Release|Any CPU.ActiveCfg = Release|Any CPU
		{FACC4DCD-D3BD-9620-729F-7E98EA3C84F4}.Release|Any CPU.Build.0 = Release|Any CPU
		{B84726F5-BA00-8EC6-AB4A-B4A8B9D554D1}.Debug|Any CPU.ActiveCfg = Debug|Any CPU
		{B84726F5-BA00-8EC6-AB4A-B4A8B9D554D1}.Debug|Any CPU.Build.0 = Debug|Any CPU
		{B84726F5-BA00-8EC6-AB4A-B4A8B9D554D1}.Release|Any CPU.ActiveCfg = Release|Any CPU
		{B84726F5-BA00-8EC6-AB4A-B4A8B9D554D1}.Release|Any CPU.Build.0 = Release|Any CPU
		{FFE1CDA1-B95D-AF83-8199-028EDEE97D60}.Debug|Any CPU.ActiveCfg = Debug|Any CPU
		{FFE1CDA1-B95D-AF83-8199-028EDEE97D60}.Debug|Any CPU.Build.0 = Debug|Any CPU
		{FFE1CDA1-B95D-AF83-8199-028EDEE97D60}.Release|Any CPU.ActiveCfg = Release|Any CPU
		{FFE1CDA1-B95D-AF83-8199-028EDEE97D60}.Release|Any CPU.Build.0 = Release|Any CPU
		{F7CEAD11-9D57-D02D-7661-F37C99BBD60E}.Debug|Any CPU.ActiveCfg = Debug|Any CPU
		{F7CEAD11-9D57-D02D-7661-F37C99BBD60E}.Debug|Any CPU.Build.0 = Debug|Any CPU
		{F7CEAD11-9D57-D02D-7661-F37C99BBD60E}.Release|Any CPU.ActiveCfg = Release|Any CPU
		{F7CEAD11-9D57-D02D-7661-F37C99BBD60E}.Release|Any CPU.Build.0 = Release|Any CPU
		{5F256F6E-94D2-A9AB-F72C-2684673C77D2}.Debug|Any CPU.ActiveCfg = Debug|Any CPU
		{5F256F6E-94D2-A9AB-F72C-2684673C77D2}.Debug|Any CPU.Build.0 = Debug|Any CPU
		{5F256F6E-94D2-A9AB-F72C-2684673C77D2}.Release|Any CPU.ActiveCfg = Release|Any CPU
		{5F256F6E-94D2-A9AB-F72C-2684673C77D2}.Release|Any CPU.Build.0 = Release|Any CPU
		{24FA87C9-5E4C-4724-A22B-534F2F4B638F}.Debug|Any CPU.ActiveCfg = Debug|Any CPU
		{24FA87C9-5E4C-4724-A22B-534F2F4B638F}.Debug|Any CPU.Build.0 = Debug|Any CPU
		{24FA87C9-5E4C-4724-A22B-534F2F4B638F}.Release|Any CPU.ActiveCfg = Release|Any CPU
		{24FA87C9-5E4C-4724-A22B-534F2F4B638F}.Release|Any CPU.Build.0 = Release|Any CPU
		{B6D00B20-7A0C-5AB9-EEF6-6AF79F5192BF}.Debug|Any CPU.ActiveCfg = Debug|Any CPU
		{B6D00B20-7A0C-5AB9-EEF6-6AF79F5192BF}.Debug|Any CPU.Build.0 = Debug|Any CPU
		{B6D00B20-7A0C-5AB9-EEF6-6AF79F5192BF}.Release|Any CPU.ActiveCfg = Release|Any CPU
		{B6D00B20-7A0C-5AB9-EEF6-6AF79F5192BF}.Release|Any CPU.Build.0 = Release|Any CPU
		{8AE072C5-3210-2D67-0F7D-3664CBD3A881}.Debug|Any CPU.ActiveCfg = Debug|Any CPU
		{8AE072C5-3210-2D67-0F7D-3664CBD3A881}.Debug|Any CPU.Build.0 = Debug|Any CPU
		{8AE072C5-3210-2D67-0F7D-3664CBD3A881}.Release|Any CPU.ActiveCfg = Release|Any CPU
		{8AE072C5-3210-2D67-0F7D-3664CBD3A881}.Release|Any CPU.Build.0 = Release|Any CPU
		{74A7BF59-54CE-76B9-B061-B73AFC140304}.Debug|Any CPU.ActiveCfg = Debug|Any CPU
		{74A7BF59-54CE-76B9-B061-B73AFC140304}.Debug|Any CPU.Build.0 = Debug|Any CPU
		{74A7BF59-54CE-76B9-B061-B73AFC140304}.Release|Any CPU.ActiveCfg = Release|Any CPU
		{74A7BF59-54CE-76B9-B061-B73AFC140304}.Release|Any CPU.Build.0 = Release|Any CPU
		{71B89BD2-7752-13B9-EF13-3D246F1EFA0B}.Debug|Any CPU.ActiveCfg = Debug|Any CPU
		{71B89BD2-7752-13B9-EF13-3D246F1EFA0B}.Debug|Any CPU.Build.0 = Debug|Any CPU
		{71B89BD2-7752-13B9-EF13-3D246F1EFA0B}.Release|Any CPU.ActiveCfg = Release|Any CPU
		{71B89BD2-7752-13B9-EF13-3D246F1EFA0B}.Release|Any CPU.Build.0 = Release|Any CPU
		{F70F5E80-524A-8E7B-A2DF-175242B5F0C3}.Debug|Any CPU.ActiveCfg = Debug|Any CPU
		{F70F5E80-524A-8E7B-A2DF-175242B5F0C3}.Debug|Any CPU.Build.0 = Debug|Any CPU
		{F70F5E80-524A-8E7B-A2DF-175242B5F0C3}.Release|Any CPU.ActiveCfg = Release|Any CPU
		{F70F5E80-524A-8E7B-A2DF-175242B5F0C3}.Release|Any CPU.Build.0 = Release|Any CPU
		{7D06F3CF-C208-E15B-7354-FDE93F45824D}.Debug|Any CPU.ActiveCfg = Debug|Any CPU
		{7D06F3CF-C208-E15B-7354-FDE93F45824D}.Debug|Any CPU.Build.0 = Debug|Any CPU
		{7D06F3CF-C208-E15B-7354-FDE93F45824D}.Release|Any CPU.ActiveCfg = Release|Any CPU
		{7D06F3CF-C208-E15B-7354-FDE93F45824D}.Release|Any CPU.Build.0 = Release|Any CPU
		{7814A663-AA7E-8C2C-9CF8-B29EFA1E74DF}.Debug|Any CPU.ActiveCfg = Debug|Any CPU
		{7814A663-AA7E-8C2C-9CF8-B29EFA1E74DF}.Debug|Any CPU.Build.0 = Debug|Any CPU
		{7814A663-AA7E-8C2C-9CF8-B29EFA1E74DF}.Release|Any CPU.ActiveCfg = Release|Any CPU
		{7814A663-AA7E-8C2C-9CF8-B29EFA1E74DF}.Release|Any CPU.Build.0 = Release|Any CPU
		{11772488-253C-57C6-966B-28E88FBEB0F1}.Debug|Any CPU.ActiveCfg = Debug|Any CPU
		{11772488-253C-57C6-966B-28E88FBEB0F1}.Debug|Any CPU.Build.0 = Debug|Any CPU
		{11772488-253C-57C6-966B-28E88FBEB0F1}.Release|Any CPU.ActiveCfg = Release|Any CPU
		{11772488-253C-57C6-966B-28E88FBEB0F1}.Release|Any CPU.Build.0 = Release|Any CPU
		{EE840ABE-800A-7BA4-0614-CF5D5ACD3558}.Debug|Any CPU.ActiveCfg = Debug|Any CPU
		{EE840ABE-800A-7BA4-0614-CF5D5ACD3558}.Debug|Any CPU.Build.0 = Debug|Any CPU
		{EE840ABE-800A-7BA4-0614-CF5D5ACD3558}.Release|Any CPU.ActiveCfg = Release|Any CPU
		{EE840ABE-800A-7BA4-0614-CF5D5ACD3558}.Release|Any CPU.Build.0 = Release|Any CPU
		{79444BC4-5431-98FB-9E4D-B3F96D250B2E}.Debug|Any CPU.ActiveCfg = Debug|Any CPU
		{79444BC4-5431-98FB-9E4D-B3F96D250B2E}.Debug|Any CPU.Build.0 = Debug|Any CPU
		{79444BC4-5431-98FB-9E4D-B3F96D250B2E}.Release|Any CPU.ActiveCfg = Release|Any CPU
		{79444BC4-5431-98FB-9E4D-B3F96D250B2E}.Release|Any CPU.Build.0 = Release|Any CPU
		{966551A9-C29D-EAF1-B840-6F6C58BF0AED}.Debug|Any CPU.ActiveCfg = Debug|Any CPU
		{966551A9-C29D-EAF1-B840-6F6C58BF0AED}.Debug|Any CPU.Build.0 = Debug|Any CPU
		{966551A9-C29D-EAF1-B840-6F6C58BF0AED}.Release|Any CPU.ActiveCfg = Release|Any CPU
		{966551A9-C29D-EAF1-B840-6F6C58BF0AED}.Release|Any CPU.Build.0 = Release|Any CPU
		{98823188-0021-3A0F-F781-B10B05AF6137}.Debug|Any CPU.ActiveCfg = Debug|Any CPU
		{98823188-0021-3A0F-F781-B10B05AF6137}.Debug|Any CPU.Build.0 = Debug|Any CPU
		{98823188-0021-3A0F-F781-B10B05AF6137}.Release|Any CPU.ActiveCfg = Release|Any CPU
		{98823188-0021-3A0F-F781-B10B05AF6137}.Release|Any CPU.Build.0 = Release|Any CPU
		{0385EDDC-3424-6703-7D07-A6C425ECDA54}.Debug|Any CPU.ActiveCfg = Debug|Any CPU
		{0385EDDC-3424-6703-7D07-A6C425ECDA54}.Debug|Any CPU.Build.0 = Debug|Any CPU
		{0385EDDC-3424-6703-7D07-A6C425ECDA54}.Release|Any CPU.ActiveCfg = Release|Any CPU
		{0385EDDC-3424-6703-7D07-A6C425ECDA54}.Release|Any CPU.Build.0 = Release|Any CPU
		{1EB28C27-85C5-9DFB-E8F7-C4F99C001E66}.Debug|Any CPU.ActiveCfg = Debug|Any CPU
		{1EB28C27-85C5-9DFB-E8F7-C4F99C001E66}.Debug|Any CPU.Build.0 = Debug|Any CPU
		{1EB28C27-85C5-9DFB-E8F7-C4F99C001E66}.Release|Any CPU.ActiveCfg = Release|Any CPU
		{1EB28C27-85C5-9DFB-E8F7-C4F99C001E66}.Release|Any CPU.Build.0 = Release|Any CPU
		{EF15674C-EE62-2D12-82F2-DDE6A1A36E0C}.Debug|Any CPU.ActiveCfg = Debug|Any CPU
		{EF15674C-EE62-2D12-82F2-DDE6A1A36E0C}.Debug|Any CPU.Build.0 = Debug|Any CPU
		{EF15674C-EE62-2D12-82F2-DDE6A1A36E0C}.Release|Any CPU.ActiveCfg = Release|Any CPU
		{EF15674C-EE62-2D12-82F2-DDE6A1A36E0C}.Release|Any CPU.Build.0 = Release|Any CPU
		{6DA9AB7D-DEBE-379F-A32E-8DCC5D2650BB}.Debug|Any CPU.ActiveCfg = Debug|Any CPU
		{6DA9AB7D-DEBE-379F-A32E-8DCC5D2650BB}.Debug|Any CPU.Build.0 = Debug|Any CPU
		{6DA9AB7D-DEBE-379F-A32E-8DCC5D2650BB}.Release|Any CPU.ActiveCfg = Release|Any CPU
		{6DA9AB7D-DEBE-379F-A32E-8DCC5D2650BB}.Release|Any CPU.Build.0 = Release|Any CPU
		{DA124083-B3A4-DF0B-8B79-E0B474BD2AFC}.Debug|Any CPU.ActiveCfg = Debug|Any CPU
		{DA124083-B3A4-DF0B-8B79-E0B474BD2AFC}.Debug|Any CPU.Build.0 = Debug|Any CPU
		{DA124083-B3A4-DF0B-8B79-E0B474BD2AFC}.Release|Any CPU.ActiveCfg = Release|Any CPU
		{DA124083-B3A4-DF0B-8B79-E0B474BD2AFC}.Release|Any CPU.Build.0 = Release|Any CPU
		{BEB3260E-1437-3451-5437-065354288413}.Debug|Any CPU.ActiveCfg = Debug|Any CPU
		{BEB3260E-1437-3451-5437-065354288413}.Debug|Any CPU.Build.0 = Debug|Any CPU
		{BEB3260E-1437-3451-5437-065354288413}.Release|Any CPU.ActiveCfg = Release|Any CPU
		{BEB3260E-1437-3451-5437-065354288413}.Release|Any CPU.Build.0 = Release|Any CPU
		{2B79B632-ADE6-A306-F099-7CE71E74ECC5}.Debug|Any CPU.ActiveCfg = Debug|Any CPU
		{2B79B632-ADE6-A306-F099-7CE71E74ECC5}.Debug|Any CPU.Build.0 = Debug|Any CPU
		{2B79B632-ADE6-A306-F099-7CE71E74ECC5}.Release|Any CPU.ActiveCfg = Release|Any CPU
		{2B79B632-ADE6-A306-F099-7CE71E74ECC5}.Release|Any CPU.Build.0 = Release|Any CPU
		{13D7179B-066F-32F6-BAAF-511E2C6929CB}.Debug|Any CPU.ActiveCfg = Debug|Any CPU
		{13D7179B-066F-32F6-BAAF-511E2C6929CB}.Debug|Any CPU.Build.0 = Debug|Any CPU
		{13D7179B-066F-32F6-BAAF-511E2C6929CB}.Release|Any CPU.ActiveCfg = Release|Any CPU
		{13D7179B-066F-32F6-BAAF-511E2C6929CB}.Release|Any CPU.Build.0 = Release|Any CPU
		{7EEFB410-66ED-023A-89D9-4C220B0A194C}.Debug|Any CPU.ActiveCfg = Debug|Any CPU
		{7EEFB410-66ED-023A-89D9-4C220B0A194C}.Debug|Any CPU.Build.0 = Debug|Any CPU
		{7EEFB410-66ED-023A-89D9-4C220B0A194C}.Release|Any CPU.ActiveCfg = Release|Any CPU
		{7EEFB410-66ED-023A-89D9-4C220B0A194C}.Release|Any CPU.Build.0 = Release|Any CPU
		{3942AA67-B8B0-6841-6669-A35556E11A89}.Debug|Any CPU.ActiveCfg = Debug|Any CPU
		{3942AA67-B8B0-6841-6669-A35556E11A89}.Debug|Any CPU.Build.0 = Debug|Any CPU
		{3942AA67-B8B0-6841-6669-A35556E11A89}.Release|Any CPU.ActiveCfg = Release|Any CPU
		{3942AA67-B8B0-6841-6669-A35556E11A89}.Release|Any CPU.Build.0 = Release|Any CPU
		{1F8D1A9C-C182-51EB-B465-54436798D467}.Debug|Any CPU.ActiveCfg = Debug|Any CPU
		{1F8D1A9C-C182-51EB-B465-54436798D467}.Debug|Any CPU.Build.0 = Debug|Any CPU
		{1F8D1A9C-C182-51EB-B465-54436798D467}.Release|Any CPU.ActiveCfg = Release|Any CPU
		{1F8D1A9C-C182-51EB-B465-54436798D467}.Release|Any CPU.Build.0 = Release|Any CPU
		{C8035BAB-FC6D-89A9-FE02-40E44301E748}.Debug|Any CPU.ActiveCfg = Debug|Any CPU
		{C8035BAB-FC6D-89A9-FE02-40E44301E748}.Debug|Any CPU.Build.0 = Debug|Any CPU
		{C8035BAB-FC6D-89A9-FE02-40E44301E748}.Release|Any CPU.ActiveCfg = Release|Any CPU
		{C8035BAB-FC6D-89A9-FE02-40E44301E748}.Release|Any CPU.Build.0 = Release|Any CPU
		{CC19E74C-B043-E7CE-B342-047CEFED16ED}.Debug|Any CPU.ActiveCfg = Debug|Any CPU
		{CC19E74C-B043-E7CE-B342-047CEFED16ED}.Debug|Any CPU.Build.0 = Debug|Any CPU
		{CC19E74C-B043-E7CE-B342-047CEFED16ED}.Release|Any CPU.ActiveCfg = Release|Any CPU
		{CC19E74C-B043-E7CE-B342-047CEFED16ED}.Release|Any CPU.Build.0 = Release|Any CPU
		{92444F5C-8C9C-CD24-A9F3-4455E0A5C0A4}.Debug|Any CPU.ActiveCfg = Debug|Any CPU
		{92444F5C-8C9C-CD24-A9F3-4455E0A5C0A4}.Debug|Any CPU.Build.0 = Debug|Any CPU
		{92444F5C-8C9C-CD24-A9F3-4455E0A5C0A4}.Release|Any CPU.ActiveCfg = Release|Any CPU
		{92444F5C-8C9C-CD24-A9F3-4455E0A5C0A4}.Release|Any CPU.Build.0 = Release|Any CPU
		{4FEB579F-E338-153A-1462-885AFFA80B8C}.Debug|Any CPU.ActiveCfg = Debug|Any CPU
		{4FEB579F-E338-153A-1462-885AFFA80B8C}.Debug|Any CPU.Build.0 = Debug|Any CPU
		{4FEB579F-E338-153A-1462-885AFFA80B8C}.Release|Any CPU.ActiveCfg = Release|Any CPU
		{4FEB579F-E338-153A-1462-885AFFA80B8C}.Release|Any CPU.Build.0 = Release|Any CPU
		{0C3CD926-4D8B-D98C-4570-64B66FCF731D}.Debug|Any CPU.ActiveCfg = Debug|Any CPU
		{0C3CD926-4D8B-D98C-4570-64B66FCF731D}.Debug|Any CPU.Build.0 = Debug|Any CPU
		{0C3CD926-4D8B-D98C-4570-64B66FCF731D}.Release|Any CPU.ActiveCfg = Release|Any CPU
		{0C3CD926-4D8B-D98C-4570-64B66FCF731D}.Release|Any CPU.Build.0 = Release|Any CPU
		{C796F25A-BE8B-360F-104F-6EAB796CC551}.Debug|Any CPU.ActiveCfg = Debug|Any CPU
		{C796F25A-BE8B-360F-104F-6EAB796CC551}.Debug|Any CPU.Build.0 = Debug|Any CPU
		{C796F25A-BE8B-360F-104F-6EAB796CC551}.Release|Any CPU.ActiveCfg = Release|Any CPU
		{C796F25A-BE8B-360F-104F-6EAB796CC551}.Release|Any CPU.Build.0 = Release|Any CPU
		{649E036C-AF17-A687-7C37-2E1FBC07D4CE}.Debug|Any CPU.ActiveCfg = Debug|Any CPU
		{649E036C-AF17-A687-7C37-2E1FBC07D4CE}.Debug|Any CPU.Build.0 = Debug|Any CPU
		{649E036C-AF17-A687-7C37-2E1FBC07D4CE}.Release|Any CPU.ActiveCfg = Release|Any CPU
		{649E036C-AF17-A687-7C37-2E1FBC07D4CE}.Release|Any CPU.Build.0 = Release|Any CPU
		{B6A78889-8E55-E43B-39F9-8DD62D49DA49}.Debug|Any CPU.ActiveCfg = Debug|Any CPU
		{B6A78889-8E55-E43B-39F9-8DD62D49DA49}.Debug|Any CPU.Build.0 = Debug|Any CPU
		{B6A78889-8E55-E43B-39F9-8DD62D49DA49}.Release|Any CPU.ActiveCfg = Release|Any CPU
		{B6A78889-8E55-E43B-39F9-8DD62D49DA49}.Release|Any CPU.Build.0 = Release|Any CPU
		{62FA74C3-3D96-DD24-6B59-9838459DF590}.Debug|Any CPU.ActiveCfg = Debug|Any CPU
		{62FA74C3-3D96-DD24-6B59-9838459DF590}.Debug|Any CPU.Build.0 = Debug|Any CPU
		{62FA74C3-3D96-DD24-6B59-9838459DF590}.Release|Any CPU.ActiveCfg = Release|Any CPU
		{62FA74C3-3D96-DD24-6B59-9838459DF590}.Release|Any CPU.Build.0 = Release|Any CPU
		{7CCDE3AF-2E7D-C1C6-3CCB-A65C01DF4EDF}.Debug|Any CPU.ActiveCfg = Debug|Any CPU
		{7CCDE3AF-2E7D-C1C6-3CCB-A65C01DF4EDF}.Debug|Any CPU.Build.0 = Debug|Any CPU
		{7CCDE3AF-2E7D-C1C6-3CCB-A65C01DF4EDF}.Release|Any CPU.ActiveCfg = Release|Any CPU
		{7CCDE3AF-2E7D-C1C6-3CCB-A65C01DF4EDF}.Release|Any CPU.Build.0 = Release|Any CPU
		{F84681F6-A363-1299-6B4B-128575825932}.Debug|Any CPU.ActiveCfg = Debug|Any CPU
		{F84681F6-A363-1299-6B4B-128575825932}.Debug|Any CPU.Build.0 = Debug|Any CPU
		{F84681F6-A363-1299-6B4B-128575825932}.Release|Any CPU.ActiveCfg = Release|Any CPU
		{F84681F6-A363-1299-6B4B-128575825932}.Release|Any CPU.Build.0 = Release|Any CPU
		{175098D9-633E-DA63-EA8A-DE164D75A429}.Debug|Any CPU.ActiveCfg = Debug|Any CPU
		{175098D9-633E-DA63-EA8A-DE164D75A429}.Debug|Any CPU.Build.0 = Debug|Any CPU
		{175098D9-633E-DA63-EA8A-DE164D75A429}.Release|Any CPU.ActiveCfg = Release|Any CPU
		{175098D9-633E-DA63-EA8A-DE164D75A429}.Release|Any CPU.Build.0 = Release|Any CPU
		{68CE0C72-1BA9-C828-EBEE-C3E19AD3AA01}.Debug|Any CPU.ActiveCfg = Debug|Any CPU
		{68CE0C72-1BA9-C828-EBEE-C3E19AD3AA01}.Debug|Any CPU.Build.0 = Debug|Any CPU
		{68CE0C72-1BA9-C828-EBEE-C3E19AD3AA01}.Release|Any CPU.ActiveCfg = Release|Any CPU
		{68CE0C72-1BA9-C828-EBEE-C3E19AD3AA01}.Release|Any CPU.Build.0 = Release|Any CPU
		{CC438AFD-5FB6-48D7-9883-F62D644F1C0E}.Debug|Any CPU.ActiveCfg = Debug|Any CPU
		{CC438AFD-5FB6-48D7-9883-F62D644F1C0E}.Debug|Any CPU.Build.0 = Debug|Any CPU
		{CC438AFD-5FB6-48D7-9883-F62D644F1C0E}.Release|Any CPU.ActiveCfg = Release|Any CPU
		{CC438AFD-5FB6-48D7-9883-F62D644F1C0E}.Release|Any CPU.Build.0 = Release|Any CPU
		{AB264E9A-BCAB-B531-B29E-2EF8D2AF5ACE}.Debug|Any CPU.ActiveCfg = Debug|Any CPU
		{AB264E9A-BCAB-B531-B29E-2EF8D2AF5ACE}.Debug|Any CPU.Build.0 = Debug|Any CPU
		{AB264E9A-BCAB-B531-B29E-2EF8D2AF5ACE}.Release|Any CPU.ActiveCfg = Release|Any CPU
		{AB264E9A-BCAB-B531-B29E-2EF8D2AF5ACE}.Release|Any CPU.Build.0 = Release|Any CPU
		{5061E814-6460-58CB-D6A3-72B0BDCB341F}.Debug|Any CPU.ActiveCfg = Debug|Any CPU
		{5061E814-6460-58CB-D6A3-72B0BDCB341F}.Debug|Any CPU.Build.0 = Debug|Any CPU
		{5061E814-6460-58CB-D6A3-72B0BDCB341F}.Release|Any CPU.ActiveCfg = Release|Any CPU
		{5061E814-6460-58CB-D6A3-72B0BDCB341F}.Release|Any CPU.Build.0 = Release|Any CPU
		{22EA1B5F-5FBB-1FDE-01E9-A361F70E6AE0}.Debug|Any CPU.ActiveCfg = Debug|Any CPU
		{22EA1B5F-5FBB-1FDE-01E9-A361F70E6AE0}.Debug|Any CPU.Build.0 = Debug|Any CPU
		{22EA1B5F-5FBB-1FDE-01E9-A361F70E6AE0}.Release|Any CPU.ActiveCfg = Release|Any CPU
		{22EA1B5F-5FBB-1FDE-01E9-A361F70E6AE0}.Release|Any CPU.Build.0 = Release|Any CPU
		{1BA4860A-4402-A797-0CEE-AA2F34604F9D}.Debug|Any CPU.ActiveCfg = Debug|Any CPU
		{1BA4860A-4402-A797-0CEE-AA2F34604F9D}.Debug|Any CPU.Build.0 = Debug|Any CPU
		{1BA4860A-4402-A797-0CEE-AA2F34604F9D}.Release|Any CPU.ActiveCfg = Release|Any CPU
		{1BA4860A-4402-A797-0CEE-AA2F34604F9D}.Release|Any CPU.Build.0 = Release|Any CPU
		{AB0CE204-77A4-0412-C674-D4CEBF38A4B6}.Debug|Any CPU.ActiveCfg = Debug|Any CPU
		{AB0CE204-77A4-0412-C674-D4CEBF38A4B6}.Debug|Any CPU.Build.0 = Debug|Any CPU
		{AB0CE204-77A4-0412-C674-D4CEBF38A4B6}.Release|Any CPU.ActiveCfg = Release|Any CPU
		{AB0CE204-77A4-0412-C674-D4CEBF38A4B6}.Release|Any CPU.Build.0 = Release|Any CPU
		{EDB6DD69-7E88-95AC-0AC7-F660C6C14A88}.Debug|Any CPU.ActiveCfg = Debug|Any CPU
		{EDB6DD69-7E88-95AC-0AC7-F660C6C14A88}.Debug|Any CPU.Build.0 = Debug|Any CPU
		{EDB6DD69-7E88-95AC-0AC7-F660C6C14A88}.Release|Any CPU.ActiveCfg = Release|Any CPU
		{EDB6DD69-7E88-95AC-0AC7-F660C6C14A88}.Release|Any CPU.Build.0 = Release|Any CPU
		{4094A3B7-AF44-7053-F64A-B04A0DDA2FFE}.Debug|Any CPU.ActiveCfg = Debug|Any CPU
		{4094A3B7-AF44-7053-F64A-B04A0DDA2FFE}.Debug|Any CPU.Build.0 = Debug|Any CPU
		{4094A3B7-AF44-7053-F64A-B04A0DDA2FFE}.Release|Any CPU.ActiveCfg = Release|Any CPU
		{4094A3B7-AF44-7053-F64A-B04A0DDA2FFE}.Release|Any CPU.Build.0 = Release|Any CPU
		{FC147476-BAA1-CBD1-4EEC-0B38AD0FCA9C}.Debug|Any CPU.ActiveCfg = Debug|Any CPU
		{FC147476-BAA1-CBD1-4EEC-0B38AD0FCA9C}.Debug|Any CPU.Build.0 = Debug|Any CPU
		{FC147476-BAA1-CBD1-4EEC-0B38AD0FCA9C}.Release|Any CPU.ActiveCfg = Release|Any CPU
		{FC147476-BAA1-CBD1-4EEC-0B38AD0FCA9C}.Release|Any CPU.Build.0 = Release|Any CPU
		{E67F3689-F800-8752-055F-12E78A5C6050}.Debug|Any CPU.ActiveCfg = Debug|Any CPU
		{E67F3689-F800-8752-055F-12E78A5C6050}.Debug|Any CPU.Build.0 = Debug|Any CPU
		{E67F3689-F800-8752-055F-12E78A5C6050}.Release|Any CPU.ActiveCfg = Release|Any CPU
		{E67F3689-F800-8752-055F-12E78A5C6050}.Release|Any CPU.Build.0 = Release|Any CPU
		{DD02AAF0-7570-3755-5357-1ED69FB76192}.Debug|Any CPU.ActiveCfg = Debug|Any CPU
		{DD02AAF0-7570-3755-5357-1ED69FB76192}.Debug|Any CPU.Build.0 = Debug|Any CPU
		{DD02AAF0-7570-3755-5357-1ED69FB76192}.Release|Any CPU.ActiveCfg = Release|Any CPU
		{DD02AAF0-7570-3755-5357-1ED69FB76192}.Release|Any CPU.Build.0 = Release|Any CPU
		{6D490362-BD1C-6575-FC95-901E1E9EAAA3}.Debug|Any CPU.ActiveCfg = Debug|Any CPU
		{6D490362-BD1C-6575-FC95-901E1E9EAAA3}.Debug|Any CPU.Build.0 = Debug|Any CPU
		{6D490362-BD1C-6575-FC95-901E1E9EAAA3}.Release|Any CPU.ActiveCfg = Release|Any CPU
		{6D490362-BD1C-6575-FC95-901E1E9EAAA3}.Release|Any CPU.Build.0 = Release|Any CPU
		{C1071588-CC79-9385-E190-5F7AADCDCA5B}.Debug|Any CPU.ActiveCfg = Debug|Any CPU
		{C1071588-CC79-9385-E190-5F7AADCDCA5B}.Debug|Any CPU.Build.0 = Debug|Any CPU
		{C1071588-CC79-9385-E190-5F7AADCDCA5B}.Release|Any CPU.ActiveCfg = Release|Any CPU
		{C1071588-CC79-9385-E190-5F7AADCDCA5B}.Release|Any CPU.Build.0 = Release|Any CPU
		{A957E289-C679-CA1F-131C-700BDDE6AD4B}.Debug|Any CPU.ActiveCfg = Debug|Any CPU
		{A957E289-C679-CA1F-131C-700BDDE6AD4B}.Debug|Any CPU.Build.0 = Debug|Any CPU
		{A957E289-C679-CA1F-131C-700BDDE6AD4B}.Release|Any CPU.ActiveCfg = Release|Any CPU
		{A957E289-C679-CA1F-131C-700BDDE6AD4B}.Release|Any CPU.Build.0 = Release|Any CPU
		{79EFFCD2-ED1C-DEF5-AD18-A595F12D8F07}.Debug|Any CPU.ActiveCfg = Debug|Any CPU
		{79EFFCD2-ED1C-DEF5-AD18-A595F12D8F07}.Debug|Any CPU.Build.0 = Debug|Any CPU
		{79EFFCD2-ED1C-DEF5-AD18-A595F12D8F07}.Release|Any CPU.ActiveCfg = Release|Any CPU
		{79EFFCD2-ED1C-DEF5-AD18-A595F12D8F07}.Release|Any CPU.Build.0 = Release|Any CPU
		{0FC5341A-7152-CEA8-659A-32CCECA2E5D7}.Debug|Any CPU.ActiveCfg = Debug|Any CPU
		{0FC5341A-7152-CEA8-659A-32CCECA2E5D7}.Debug|Any CPU.Build.0 = Debug|Any CPU
		{0FC5341A-7152-CEA8-659A-32CCECA2E5D7}.Release|Any CPU.ActiveCfg = Release|Any CPU
		{0FC5341A-7152-CEA8-659A-32CCECA2E5D7}.Release|Any CPU.Build.0 = Release|Any CPU
		{8DE0131A-109E-2F8A-E574-5DB7FC0E97CC}.Debug|Any CPU.ActiveCfg = Debug|Any CPU
		{8DE0131A-109E-2F8A-E574-5DB7FC0E97CC}.Debug|Any CPU.Build.0 = Debug|Any CPU
		{8DE0131A-109E-2F8A-E574-5DB7FC0E97CC}.Release|Any CPU.ActiveCfg = Release|Any CPU
		{8DE0131A-109E-2F8A-E574-5DB7FC0E97CC}.Release|Any CPU.Build.0 = Release|Any CPU
		{39D3AEE3-CA43-1F21-3601-F7B1DB8A3970}.Debug|Any CPU.ActiveCfg = Debug|Any CPU
		{39D3AEE3-CA43-1F21-3601-F7B1DB8A3970}.Debug|Any CPU.Build.0 = Debug|Any CPU
		{39D3AEE3-CA43-1F21-3601-F7B1DB8A3970}.Release|Any CPU.ActiveCfg = Release|Any CPU
		{39D3AEE3-CA43-1F21-3601-F7B1DB8A3970}.Release|Any CPU.Build.0 = Release|Any CPU
		{CC7A6686-2216-E7A0-EBBF-ACE964E1C426}.Debug|Any CPU.ActiveCfg = Debug|Any CPU
		{CC7A6686-2216-E7A0-EBBF-ACE964E1C426}.Debug|Any CPU.Build.0 = Debug|Any CPU
		{CC7A6686-2216-E7A0-EBBF-ACE964E1C426}.Release|Any CPU.ActiveCfg = Release|Any CPU
		{CC7A6686-2216-E7A0-EBBF-ACE964E1C426}.Release|Any CPU.Build.0 = Release|Any CPU
		{CC25D693-D57F-475A-D714-8209F9637D94}.Debug|Any CPU.ActiveCfg = Debug|Any CPU
		{CC25D693-D57F-475A-D714-8209F9637D94}.Debug|Any CPU.Build.0 = Debug|Any CPU
		{CC25D693-D57F-475A-D714-8209F9637D94}.Release|Any CPU.ActiveCfg = Release|Any CPU
		{CC25D693-D57F-475A-D714-8209F9637D94}.Release|Any CPU.Build.0 = Release|Any CPU
		{A35B243D-9BC6-5BEC-4797-5EFB29762A63}.Debug|Any CPU.ActiveCfg = Debug|Any CPU
		{A35B243D-9BC6-5BEC-4797-5EFB29762A63}.Debug|Any CPU.Build.0 = Debug|Any CPU
		{A35B243D-9BC6-5BEC-4797-5EFB29762A63}.Release|Any CPU.ActiveCfg = Release|Any CPU
		{A35B243D-9BC6-5BEC-4797-5EFB29762A63}.Release|Any CPU.Build.0 = Release|Any CPU
		{5DA24599-E0D6-5629-737B-6A881951CC2C}.Debug|Any CPU.ActiveCfg = Debug|Any CPU
		{5DA24599-E0D6-5629-737B-6A881951CC2C}.Debug|Any CPU.Build.0 = Debug|Any CPU
		{5DA24599-E0D6-5629-737B-6A881951CC2C}.Release|Any CPU.ActiveCfg = Release|Any CPU
		{5DA24599-E0D6-5629-737B-6A881951CC2C}.Release|Any CPU.Build.0 = Release|Any CPU
		{0BCA6361-AC26-B592-EF13-AE550D495525}.Debug|Any CPU.ActiveCfg = Debug|Any CPU
		{0BCA6361-AC26-B592-EF13-AE550D495525}.Debug|Any CPU.Build.0 = Debug|Any CPU
		{0BCA6361-AC26-B592-EF13-AE550D495525}.Release|Any CPU.ActiveCfg = Release|Any CPU
		{0BCA6361-AC26-B592-EF13-AE550D495525}.Release|Any CPU.Build.0 = Release|Any CPU
		{7196FF5B-1EA8-7740-E65F-951D6CA8BF56}.Debug|Any CPU.ActiveCfg = Debug|Any CPU
		{7196FF5B-1EA8-7740-E65F-951D6CA8BF56}.Debug|Any CPU.Build.0 = Debug|Any CPU
		{7196FF5B-1EA8-7740-E65F-951D6CA8BF56}.Release|Any CPU.ActiveCfg = Release|Any CPU
		{7196FF5B-1EA8-7740-E65F-951D6CA8BF56}.Release|Any CPU.Build.0 = Release|Any CPU
		{ABDE4A57-CA2E-91C1-FC69-1B48FCC97B72}.Debug|Any CPU.ActiveCfg = Debug|Any CPU
		{ABDE4A57-CA2E-91C1-FC69-1B48FCC97B72}.Debug|Any CPU.Build.0 = Debug|Any CPU
		{ABDE4A57-CA2E-91C1-FC69-1B48FCC97B72}.Release|Any CPU.ActiveCfg = Release|Any CPU
		{ABDE4A57-CA2E-91C1-FC69-1B48FCC97B72}.Release|Any CPU.Build.0 = Release|Any CPU
		{9760770D-3953-7B50-6D5B-63127AA109CD}.Debug|Any CPU.ActiveCfg = Debug|Any CPU
		{9760770D-3953-7B50-6D5B-63127AA109CD}.Debug|Any CPU.Build.0 = Debug|Any CPU
		{9760770D-3953-7B50-6D5B-63127AA109CD}.Release|Any CPU.ActiveCfg = Release|Any CPU
		{9760770D-3953-7B50-6D5B-63127AA109CD}.Release|Any CPU.Build.0 = Release|Any CPU
		{22F8511F-9DEC-E962-BAA6-C753439D6F75}.Debug|Any CPU.ActiveCfg = Debug|Any CPU
		{22F8511F-9DEC-E962-BAA6-C753439D6F75}.Debug|Any CPU.Build.0 = Debug|Any CPU
		{22F8511F-9DEC-E962-BAA6-C753439D6F75}.Release|Any CPU.ActiveCfg = Release|Any CPU
		{22F8511F-9DEC-E962-BAA6-C753439D6F75}.Release|Any CPU.Build.0 = Release|Any CPU
		{62DACF46-B9D3-3B74-98A7-A937F22A0808}.Debug|Any CPU.ActiveCfg = Debug|Any CPU
		{62DACF46-B9D3-3B74-98A7-A937F22A0808}.Debug|Any CPU.Build.0 = Debug|Any CPU
		{62DACF46-B9D3-3B74-98A7-A937F22A0808}.Release|Any CPU.ActiveCfg = Release|Any CPU
		{62DACF46-B9D3-3B74-98A7-A937F22A0808}.Release|Any CPU.Build.0 = Release|Any CPU
		{F4D3736D-58FD-CCBF-97AF-1CA09DCA3D2F}.Debug|Any CPU.ActiveCfg = Debug|Any CPU
		{F4D3736D-58FD-CCBF-97AF-1CA09DCA3D2F}.Debug|Any CPU.Build.0 = Debug|Any CPU
		{F4D3736D-58FD-CCBF-97AF-1CA09DCA3D2F}.Release|Any CPU.ActiveCfg = Release|Any CPU
		{F4D3736D-58FD-CCBF-97AF-1CA09DCA3D2F}.Release|Any CPU.Build.0 = Release|Any CPU
		{CDF419D8-A832-8335-1A37-7B377067D3D7}.Debug|Any CPU.ActiveCfg = Debug|Any CPU
		{CDF419D8-A832-8335-1A37-7B377067D3D7}.Debug|Any CPU.Build.0 = Debug|Any CPU
		{CDF419D8-A832-8335-1A37-7B377067D3D7}.Release|Any CPU.ActiveCfg = Release|Any CPU
		{CDF419D8-A832-8335-1A37-7B377067D3D7}.Release|Any CPU.Build.0 = Release|Any CPU
		{A9313EB3-195B-C5E5-781F-134B9A8981B9}.Debug|Any CPU.ActiveCfg = Debug|Any CPU
		{A9313EB3-195B-C5E5-781F-134B9A8981B9}.Debug|Any CPU.Build.0 = Debug|Any CPU
		{A9313EB3-195B-C5E5-781F-134B9A8981B9}.Release|Any CPU.ActiveCfg = Release|Any CPU
		{A9313EB3-195B-C5E5-781F-134B9A8981B9}.Release|Any CPU.Build.0 = Release|Any CPU
		{3A564D31-53C7-7182-B1DA-BD2FD9C30C19}.Debug|Any CPU.ActiveCfg = Debug|Any CPU
		{3A564D31-53C7-7182-B1DA-BD2FD9C30C19}.Debug|Any CPU.Build.0 = Debug|Any CPU
		{3A564D31-53C7-7182-B1DA-BD2FD9C30C19}.Release|Any CPU.ActiveCfg = Release|Any CPU
		{3A564D31-53C7-7182-B1DA-BD2FD9C30C19}.Release|Any CPU.Build.0 = Release|Any CPU
		{45920581-1922-FFCC-D85E-D2D4FDD2A19C}.Debug|Any CPU.ActiveCfg = Debug|Any CPU
		{45920581-1922-FFCC-D85E-D2D4FDD2A19C}.Debug|Any CPU.Build.0 = Debug|Any CPU
		{45920581-1922-FFCC-D85E-D2D4FDD2A19C}.Release|Any CPU.ActiveCfg = Release|Any CPU
		{45920581-1922-FFCC-D85E-D2D4FDD2A19C}.Release|Any CPU.Build.0 = Release|Any CPU
		{242091BF-D531-9FF3-F88E-CD395FAF650C}.Debug|Any CPU.ActiveCfg = Debug|Any CPU
		{242091BF-D531-9FF3-F88E-CD395FAF650C}.Debug|Any CPU.Build.0 = Debug|Any CPU
		{242091BF-D531-9FF3-F88E-CD395FAF650C}.Release|Any CPU.ActiveCfg = Release|Any CPU
		{242091BF-D531-9FF3-F88E-CD395FAF650C}.Release|Any CPU.Build.0 = Release|Any CPU
		{B834E4EB-B373-38D8-1823-5EF144BEB413}.Debug|Any CPU.ActiveCfg = Debug|Any CPU
		{B834E4EB-B373-38D8-1823-5EF144BEB413}.Debug|Any CPU.Build.0 = Debug|Any CPU
		{B834E4EB-B373-38D8-1823-5EF144BEB413}.Release|Any CPU.ActiveCfg = Release|Any CPU
		{B834E4EB-B373-38D8-1823-5EF144BEB413}.Release|Any CPU.Build.0 = Release|Any CPU
		{8E6C0364-6659-DB72-E47C-3DF701496E2B}.Debug|Any CPU.ActiveCfg = Debug|Any CPU
		{8E6C0364-6659-DB72-E47C-3DF701496E2B}.Debug|Any CPU.Build.0 = Debug|Any CPU
		{8E6C0364-6659-DB72-E47C-3DF701496E2B}.Release|Any CPU.ActiveCfg = Release|Any CPU
		{8E6C0364-6659-DB72-E47C-3DF701496E2B}.Release|Any CPU.Build.0 = Release|Any CPU
		{56AA414E-B14B-C915-33C0-548C9356B5A7}.Debug|Any CPU.ActiveCfg = Debug|Any CPU
		{56AA414E-B14B-C915-33C0-548C9356B5A7}.Debug|Any CPU.Build.0 = Debug|Any CPU
		{56AA414E-B14B-C915-33C0-548C9356B5A7}.Release|Any CPU.ActiveCfg = Release|Any CPU
		{56AA414E-B14B-C915-33C0-548C9356B5A7}.Release|Any CPU.Build.0 = Release|Any CPU
		{A1C3BBC9-B717-5CF2-B31A-A15A3272D3DD}.Debug|Any CPU.ActiveCfg = Debug|Any CPU
		{A1C3BBC9-B717-5CF2-B31A-A15A3272D3DD}.Debug|Any CPU.Build.0 = Debug|Any CPU
		{A1C3BBC9-B717-5CF2-B31A-A15A3272D3DD}.Release|Any CPU.ActiveCfg = Release|Any CPU
		{A1C3BBC9-B717-5CF2-B31A-A15A3272D3DD}.Release|Any CPU.Build.0 = Release|Any CPU
		{DC546169-95D2-774A-D25C-34D919AEE5BA}.Debug|Any CPU.ActiveCfg = Debug|Any CPU
		{DC546169-95D2-774A-D25C-34D919AEE5BA}.Debug|Any CPU.Build.0 = Debug|Any CPU
		{DC546169-95D2-774A-D25C-34D919AEE5BA}.Release|Any CPU.ActiveCfg = Release|Any CPU
		{DC546169-95D2-774A-D25C-34D919AEE5BA}.Release|Any CPU.Build.0 = Release|Any CPU
	EndGlobalSection
	GlobalSection(SolutionProperties) = preSolution
		HideSolutionNode = FALSE
	EndGlobalSection
EndGlobal
